
Microsoft Visual Studio Solution File, Format Version 12.00
# Visual Studio 14
VisualStudioVersion = 14.0.25420.1
MinimumVisualStudioVersion = 10.0.40219.1
Project("{FAE04EC0-301F-11D3-BF4B-00C04F79EFBC}") = "Billing.API", "Billing.API\Billing.API.csproj", "{A6D0A65B-3408-4AAC-8E59-C5D57BADC6B0}"
EndProject
Project("{FAE04EC0-301F-11D3-BF4B-00C04F79EFBC}") = "Billing.Database", "Billing.Database\Billing.Database.csproj", "{AB49B6D9-25A9-42D0-B583-F8ED8DB5A879}"
EndProject
Project("{FAE04EC0-301F-11D3-BF4B-00C04F79EFBC}") = "Billing.Repository", "Billing.Repository\Billing.Repository.csproj", "{C99885DD-F46D-4EEC-AB48-C1E1288A862B}"
EndProject
Project("{FAE04EC0-301F-11D3-BF4B-00C04F79EFBC}") = "Billing.Seed", "Billing.Seed\Billing.Seed.csproj", "{05C01D2F-97C0-4F1A-BCFB-09AAB8DAAD7E}"
EndProject
Global
	GlobalSection(SolutionConfigurationPlatforms) = preSolution
		Debug|Any CPU = Debug|Any CPU
		Release|Any CPU = Release|Any CPU
	EndGlobalSection
	GlobalSection(ProjectConfigurationPlatforms) = postSolution
		{A6D0A65B-3408-4AAC-8E59-C5D57BADC6B0}.Debug|Any CPU.ActiveCfg = Debug|Any CPU
		{A6D0A65B-3408-4AAC-8E59-C5D57BADC6B0}.Debug|Any CPU.Build.0 = Debug|Any CPU
		{A6D0A65B-3408-4AAC-8E59-C5D57BADC6B0}.Release|Any CPU.ActiveCfg = Release|Any CPU
		{A6D0A65B-3408-4AAC-8E59-C5D57BADC6B0}.Release|Any CPU.Build.0 = Release|Any CPU
		{AB49B6D9-25A9-42D0-B583-F8ED8DB5A879}.Debug|Any CPU.ActiveCfg = Debug|Any CPU
		{AB49B6D9-25A9-42D0-B583-F8ED8DB5A879}.Debug|Any CPU.Build.0 = Debug|Any CPU
		{AB49B6D9-25A9-42D0-B583-F8ED8DB5A879}.Release|Any CPU.ActiveCfg = Release|Any CPU
		{AB49B6D9-25A9-42D0-B583-F8ED8DB5A879}.Release|Any CPU.Build.0 = Release|Any CPU
		{C99885DD-F46D-4EEC-AB48-C1E1288A862B}.Debug|Any CPU.ActiveCfg = Debug|Any CPU
		{C99885DD-F46D-4EEC-AB48-C1E1288A862B}.Debug|Any CPU.Build.0 = Debug|Any CPU
		{C99885DD-F46D-4EEC-AB48-C1E1288A862B}.Release|Any CPU.ActiveCfg = Release|Any CPU
		{C99885DD-F46D-4EEC-AB48-C1E1288A862B}.Release|Any CPU.Build.0 = Release|Any CPU
		{05C01D2F-97C0-4F1A-BCFB-09AAB8DAAD7E}.Debug|Any CPU.ActiveCfg = Debug|Any CPU
		{05C01D2F-97C0-4F1A-BCFB-09AAB8DAAD7E}.Debug|Any CPU.Build.0 = Debug|Any CPU
		{05C01D2F-97C0-4F1A-BCFB-09AAB8DAAD7E}.Release|Any CPU.ActiveCfg = Release|Any CPU
		{05C01D2F-97C0-4F1A-BCFB-09AAB8DAAD7E}.Release|Any CPU.Build.0 = Release|Any CPU
	EndGlobalSection
	GlobalSection(SolutionProperties) = preSolution
		HideSolutionNode = FALSE
	EndGlobalSection
EndGlobal
